
Microsoft Visual Studio Solution File, Format Version 12.00
# Visual Studio Version 16
VisualStudioVersion = 16.0.31410.357
MinimumVisualStudioVersion = 10.0.40219.1
Project("{FAE04EC0-301F-11D3-BF4B-00C04F79EFBC}") = "StackQueue", "StackQueue\StackQueue.csproj", "{F9DA2392-A7E5-4CC7-813D-CDCE4B1ACADF}"
EndProject
Global
	GlobalSection(SolutionConfigurationPlatforms) = preSolution
		Debug|Any CPU = Debug|Any CPU
		Release|Any CPU = Release|Any CPU
	EndGlobalSection
	GlobalSection(ProjectConfigurationPlatforms) = postSolution
		{F9DA2392-A7E5-4CC7-813D-CDCE4B1ACADF}.Debug|Any CPU.ActiveCfg = Debug|Any CPU
		{F9DA2392-A7E5-4CC7-813D-CDCE4B1ACADF}.Debug|Any CPU.Build.0 = Debug|Any CPU
		{F9DA2392-A7E5-4CC7-813D-CDCE4B1ACADF}.Release|Any CPU.ActiveCfg = Release|Any CPU
		{F9DA2392-A7E5-4CC7-813D-CDCE4B1ACADF}.Release|Any CPU.Build.0 = Release|Any CPU
	EndGlobalSection
	GlobalSection(SolutionProperties) = preSolution
		HideSolutionNode = FALSE
	EndGlobalSection
	GlobalSection(ExtensibilityGlobals) = postSolution
		SolutionGuid = {0877A798-4324-47AE-93D7-04099A346DDE}
	EndGlobalSection
EndGlobal
